
Microsoft Visual Studio Solution File, Format Version 12.00
Project("{FAE04EC0-301F-11D3-BF4B-00C04F79EFBC}") = "HenryAI.Agent.Domain", "HenryAI.Agent.Domain\HenryAI.Agent.Domain.csproj", "{9ECE4CAD-7B62-44E4-93FC-95E89B551F0F}"
EndProject
Project("{FAE04EC0-301F-11D3-BF4B-00C04F79EFBC}") = "HenryAI.Agent.Host", "HenryAI.Agent.Host\HenryAI.Agent.Host.csproj", "{65531A65-122F-4D0E-996D-B8E80F405B65}"
EndProject
Project("{FAE04EC0-301F-11D3-BF4B-00C04F79EFBC}") = "HenryAI.Agent.ExternalDependencies", "HenryAI.Agent.ExternalDependencies\HenryAI.Agent.ExternalDependencies.csproj", "{346FBE81-0C2A-433E-B0CC-23774F0BAFF2}"
EndProject
Global
	GlobalSection(SolutionConfigurationPlatforms) = preSolution
		Debug|Any CPU = Debug|Any CPU
		Release|Any CPU = Release|Any CPU
	EndGlobalSection
	GlobalSection(ProjectConfigurationPlatforms) = postSolution
		{9ECE4CAD-7B62-44E4-93FC-95E89B551F0F}.Debug|Any CPU.ActiveCfg = Debug|Any CPU
		{9ECE4CAD-7B62-44E4-93FC-95E89B551F0F}.Debug|Any CPU.Build.0 = Debug|Any CPU
		{9ECE4CAD-7B62-44E4-93FC-95E89B551F0F}.Release|Any CPU.ActiveCfg = Release|Any CPU
		{9ECE4CAD-7B62-44E4-93FC-95E89B551F0F}.Release|Any CPU.Build.0 = Release|Any CPU
		{65531A65-122F-4D0E-996D-B8E80F405B65}.Debug|Any CPU.ActiveCfg = Debug|Any CPU
		{65531A65-122F-4D0E-996D-B8E80F405B65}.Debug|Any CPU.Build.0 = Debug|Any CPU
		{65531A65-122F-4D0E-996D-B8E80F405B65}.Release|Any CPU.ActiveCfg = Release|Any CPU
		{65531A65-122F-4D0E-996D-B8E80F405B65}.Release|Any CPU.Build.0 = Release|Any CPU
		{346FBE81-0C2A-433E-B0CC-23774F0BAFF2}.Debug|Any CPU.ActiveCfg = Debug|Any CPU
		{346FBE81-0C2A-433E-B0CC-23774F0BAFF2}.Debug|Any CPU.Build.0 = Debug|Any CPU
		{346FBE81-0C2A-433E-B0CC-23774F0BAFF2}.Release|Any CPU.ActiveCfg = Release|Any CPU
		{346FBE81-0C2A-433E-B0CC-23774F0BAFF2}.Release|Any CPU.Build.0 = Release|Any CPU
	EndGlobalSection
EndGlobal
